// !$*UTF8*$!
{
	archiveVersion = 1;
	classes = {
	};
	objectVersion = 55;
	objects = {

/* Begin PBXBuildFile section */
		A615988527872F5B00EC7C81 /* Omnitrix WatchKit App.app in Embed Watch Content */ = {isa = PBXBuildFile; fileRef = A615988427872F5B00EC7C81 /* Omnitrix WatchKit App.app */; settings = {ATTRIBUTES = (RemoveHeadersOnCopy, ); }; };
		A615988A27872F5D00EC7C81 /* Assets.xcassets in Resources */ = {isa = PBXBuildFile; fileRef = A615988927872F5D00EC7C81 /* Assets.xcassets */; };
		A615989027872F5D00EC7C81 /* Omnitrix WatchKit Extension.appex in Embed App Extensions */ = {isa = PBXBuildFile; fileRef = A615988F27872F5D00EC7C81 /* Omnitrix WatchKit Extension.appex */; settings = {ATTRIBUTES = (RemoveHeadersOnCopy, ); }; };
		A615989527872F5D00EC7C81 /* ContentView.swift in Sources */ = {isa = PBXBuildFile; fileRef = A615989427872F5D00EC7C81 /* ContentView.swift */; };
		A615989727872F5D00EC7C81 /* OmnitrixApp.swift in Sources */ = {isa = PBXBuildFile; fileRef = A615989627872F5D00EC7C81 /* OmnitrixApp.swift */; };
		A615989927872F5D00EC7C81 /* ComplicationController.swift in Sources */ = {isa = PBXBuildFile; fileRef = A615989827872F5D00EC7C81 /* ComplicationController.swift */; };
		A615989B27872F5E00EC7C81 /* Assets.xcassets in Resources */ = {isa = PBXBuildFile; fileRef = A615989A27872F5E00EC7C81 /* Assets.xcassets */; };
		A615989E27872F5E00EC7C81 /* Preview Assets.xcassets in Resources */ = {isa = PBXBuildFile; fileRef = A615989D27872F5E00EC7C81 /* Preview Assets.xcassets */; };
/* End PBXBuildFile section */

/* Begin PBXContainerItemProxy section */
		A615988627872F5B00EC7C81 /* PBXContainerItemProxy */ = {
			isa = PBXContainerItemProxy;
			containerPortal = A615987A27872F5B00EC7C81 /* Project object */;
			proxyType = 1;
			remoteGlobalIDString = A615988327872F5B00EC7C81;
			remoteInfo = "Omnitrix WatchKit App";
		};
		A615989127872F5D00EC7C81 /* PBXContainerItemProxy */ = {
			isa = PBXContainerItemProxy;
			containerPortal = A615987A27872F5B00EC7C81 /* Project object */;
			proxyType = 1;
			remoteGlobalIDString = A615988E27872F5D00EC7C81;
			remoteInfo = "Omnitrix WatchKit Extension";
		};
/* End PBXContainerItemProxy section */

/* Begin PBXCopyFilesBuildPhase section */
		A61598A527872F5E00EC7C81 /* Embed App Extensions */ = {
			isa = PBXCopyFilesBuildPhase;
			buildActionMask = 2147483647;
			dstPath = "";
			dstSubfolderSpec = 13;
			files = (
				A615989027872F5D00EC7C81 /* Omnitrix WatchKit Extension.appex in Embed App Extensions */,
			);
			name = "Embed App Extensions";
			runOnlyForDeploymentPostprocessing = 0;
		};
		A61598A927872F5E00EC7C81 /* Embed Watch Content */ = {
			isa = PBXCopyFilesBuildPhase;
			buildActionMask = 2147483647;
			dstPath = "$(CONTENTS_FOLDER_PATH)/Watch";
			dstSubfolderSpec = 16;
			files = (
				A615988527872F5B00EC7C81 /* Omnitrix WatchKit App.app in Embed Watch Content */,
			);
			name = "Embed Watch Content";
			runOnlyForDeploymentPostprocessing = 0;
		};
/* End PBXCopyFilesBuildPhase section */

/* Begin PBXFileReference section */
		A615988027872F5B00EC7C81 /* Omnitrix.app */ = {isa = PBXFileReference; explicitFileType = wrapper.application; includeInIndex = 0; path = Omnitrix.app; sourceTree = BUILT_PRODUCTS_DIR; };
		A615988427872F5B00EC7C81 /* Omnitrix WatchKit App.app */ = {isa = PBXFileReference; explicitFileType = wrapper.application; includeInIndex = 0; path = "Omnitrix WatchKit App.app"; sourceTree = BUILT_PRODUCTS_DIR; };
		A615988927872F5D00EC7C81 /* Assets.xcassets */ = {isa = PBXFileReference; lastKnownFileType = folder.assetcatalog; path = Assets.xcassets; sourceTree = "<group>"; };
		A615988F27872F5D00EC7C81 /* Omnitrix WatchKit Extension.appex */ = {isa = PBXFileReference; explicitFileType = "wrapper.app-extension"; includeInIndex = 0; path = "Omnitrix WatchKit Extension.appex"; sourceTree = BUILT_PRODUCTS_DIR; };
		A615989427872F5D00EC7C81 /* ContentView.swift */ = {isa = PBXFileReference; lastKnownFileType = sourcecode.swift; path = ContentView.swift; sourceTree = "<group>"; };
		A615989627872F5D00EC7C81 /* OmnitrixApp.swift */ = {isa = PBXFileReference; lastKnownFileType = sourcecode.swift; path = OmnitrixApp.swift; sourceTree = "<group>"; };
		A615989827872F5D00EC7C81 /* ComplicationController.swift */ = {isa = PBXFileReference; lastKnownFileType = sourcecode.swift; path = ComplicationController.swift; sourceTree = "<group>"; };
		A615989A27872F5E00EC7C81 /* Assets.xcassets */ = {isa = PBXFileReference; lastKnownFileType = folder.assetcatalog; path = Assets.xcassets; sourceTree = "<group>"; };
		A615989D27872F5E00EC7C81 /* Preview Assets.xcassets */ = {isa = PBXFileReference; lastKnownFileType = folder.assetcatalog; path = "Preview Assets.xcassets"; sourceTree = "<group>"; };
		A615989F27872F5E00EC7C81 /* Info.plist */ = {isa = PBXFileReference; lastKnownFileType = text.plist.xml; path = Info.plist; sourceTree = "<group>"; };
/* End PBXFileReference section */

/* Begin PBXFrameworksBuildPhase section */
		A615988C27872F5D00EC7C81 /* Frameworks */ = {
			isa = PBXFrameworksBuildPhase;
			buildActionMask = 2147483647;
			files = (
			);
			runOnlyForDeploymentPostprocessing = 0;
		};
/* End PBXFrameworksBuildPhase section */

/* Begin PBXGroup section */
		A615987927872F5B00EC7C81 = {
			isa = PBXGroup;
			children = (
				A615988827872F5B00EC7C81 /* Omnitrix WatchKit App */,
				A615989327872F5D00EC7C81 /* Omnitrix WatchKit Extension */,
				A615988127872F5B00EC7C81 /* Products */,
			);
			sourceTree = "<group>";
		};
		A615988127872F5B00EC7C81 /* Products */ = {
			isa = PBXGroup;
			children = (
				A615988027872F5B00EC7C81 /* Omnitrix.app */,
				A615988427872F5B00EC7C81 /* Omnitrix WatchKit App.app */,
				A615988F27872F5D00EC7C81 /* Omnitrix WatchKit Extension.appex */,
			);
			name = Products;
			sourceTree = "<group>";
		};
		A615988827872F5B00EC7C81 /* Omnitrix WatchKit App */ = {
			isa = PBXGroup;
			children = (
				A615988927872F5D00EC7C81 /* Assets.xcassets */,
			);
			path = "Omnitrix WatchKit App";
			sourceTree = "<group>";
		};
		A615989327872F5D00EC7C81 /* Omnitrix WatchKit Extension */ = {
			isa = PBXGroup;
			children = (
				A615989427872F5D00EC7C81 /* ContentView.swift */,
				A615989627872F5D00EC7C81 /* OmnitrixApp.swift */,
				A615989827872F5D00EC7C81 /* ComplicationController.swift */,
				A615989A27872F5E00EC7C81 /* Assets.xcassets */,
				A615989F27872F5E00EC7C81 /* Info.plist */,
				A615989C27872F5E00EC7C81 /* Preview Content */,
			);
			path = "Omnitrix WatchKit Extension";
			sourceTree = "<group>";
		};
		A615989C27872F5E00EC7C81 /* Preview Content */ = {
			isa = PBXGroup;
			children = (
				A615989D27872F5E00EC7C81 /* Preview Assets.xcassets */,
			);
			path = "Preview Content";
			sourceTree = "<group>";
		};
/* End PBXGroup section */

/* Begin PBXNativeTarget section */
		A615987F27872F5B00EC7C81 /* Omnitrix */ = {
			isa = PBXNativeTarget;
			buildConfigurationList = A61598AA27872F5E00EC7C81 /* Build configuration list for PBXNativeTarget "Omnitrix" */;
			buildPhases = (
				A615987E27872F5B00EC7C81 /* Resources */,
				A61598A927872F5E00EC7C81 /* Embed Watch Content */,
			);
			buildRules = (
			);
			dependencies = (
				A615988727872F5B00EC7C81 /* PBXTargetDependency */,
			);
			name = Omnitrix;
			productName = Omnitrix;
			productReference = A615988027872F5B00EC7C81 /* Omnitrix.app */;
			productType = "com.apple.product-type.application.watchapp2-container";
		};
		A615988327872F5B00EC7C81 /* Omnitrix WatchKit App */ = {
			isa = PBXNativeTarget;
			buildConfigurationList = A61598A627872F5E00EC7C81 /* Build configuration list for PBXNativeTarget "Omnitrix WatchKit App" */;
			buildPhases = (
				A615988227872F5B00EC7C81 /* Resources */,
				A61598A527872F5E00EC7C81 /* Embed App Extensions */,
			);
			buildRules = (
			);
			dependencies = (
				A615989227872F5D00EC7C81 /* PBXTargetDependency */,
			);
			name = "Omnitrix WatchKit App";
			productName = "Omnitrix WatchKit App";
			productReference = A615988427872F5B00EC7C81 /* Omnitrix WatchKit App.app */;
			productType = "com.apple.product-type.application.watchapp2";
		};
		A615988E27872F5D00EC7C81 /* Omnitrix WatchKit Extension */ = {
			isa = PBXNativeTarget;
			buildConfigurationList = A61598A227872F5E00EC7C81 /* Build configuration list for PBXNativeTarget "Omnitrix WatchKit Extension" */;
			buildPhases = (
				A615988B27872F5D00EC7C81 /* Sources */,
				A615988C27872F5D00EC7C81 /* Frameworks */,
				A615988D27872F5D00EC7C81 /* Resources */,
			);
			buildRules = (
			);
			dependencies = (
			);
			name = "Omnitrix WatchKit Extension";
			productName = "Omnitrix WatchKit Extension";
			productReference = A615988F27872F5D00EC7C81 /* Omnitrix WatchKit Extension.appex */;
			productType = "com.apple.product-type.watchkit2-extension";
		};
/* End PBXNativeTarget section */

/* Begin PBXProject section */
		A615987A27872F5B00EC7C81 /* Project object */ = {
			isa = PBXProject;
			attributes = {
				BuildIndependentTargetsInParallel = 1;
				LastSwiftUpdateCheck = 1310;
				LastUpgradeCheck = 1310;
				TargetAttributes = {
					A615987F27872F5B00EC7C81 = {
						CreatedOnToolsVersion = 13.1;
					};
					A615988327872F5B00EC7C81 = {
						CreatedOnToolsVersion = 13.1;
					};
					A615988E27872F5D00EC7C81 = {
						CreatedOnToolsVersion = 13.1;
					};
				};
			};
			buildConfigurationList = A615987D27872F5B00EC7C81 /* Build configuration list for PBXProject "Omnitrix" */;
			compatibilityVersion = "Xcode 13.0";
			developmentRegion = en;
			hasScannedForEncodings = 0;
			knownRegions = (
				en,
				Base,
			);
			mainGroup = A615987927872F5B00EC7C81;
			productRefGroup = A615988127872F5B00EC7C81 /* Products */;
			projectDirPath = "";
			projectRoot = "";
			targets = (
				A615987F27872F5B00EC7C81 /* Omnitrix */,
				A615988327872F5B00EC7C81 /* Omnitrix WatchKit App */,
				A615988E27872F5D00EC7C81 /* Omnitrix WatchKit Extension */,
			);
		};
/* End PBXProject section */

/* Begin PBXResourcesBuildPhase section */
		A615987E27872F5B00EC7C81 /* Resources */ = {
			isa = PBXResourcesBuildPhase;
			buildActionMask = 2147483647;
			files = (
			);
			runOnlyForDeploymentPostprocessing = 0;
		};
		A615988227872F5B00EC7C81 /* Resources */ = {
			isa = PBXResourcesBuildPhase;
			buildActionMask = 2147483647;
			files = (
				A615988A27872F5D00EC7C81 /* Assets.xcassets in Resources */,
			);
			runOnlyForDeploymentPostprocessing = 0;
		};
		A615988D27872F5D00EC7C81 /* Resources */ = {
			isa = PBXResourcesBuildPhase;
			buildActionMask = 2147483647;
			files = (
				A615989E27872F5E00EC7C81 /* Preview Assets.xcassets in Resources */,
				A615989B27872F5E00EC7C81 /* Assets.xcassets in Resources */,
			);
			runOnlyForDeploymentPostprocessing = 0;
		};
/* End PBXResourcesBuildPhase section */

/* Begin PBXSourcesBuildPhase section */
		A615988B27872F5D00EC7C81 /* Sources */ = {
			isa = PBXSourcesBuildPhase;
			buildActionMask = 2147483647;
			files = (
				A615989527872F5D00EC7C81 /* ContentView.swift in Sources */,
				A615989727872F5D00EC7C81 /* OmnitrixApp.swift in Sources */,
				A615989927872F5D00EC7C81 /* ComplicationController.swift in Sources */,
			);
			runOnlyForDeploymentPostprocessing = 0;
		};
/* End PBXSourcesBuildPhase section */

/* Begin PBXTargetDependency section */
		A615988727872F5B00EC7C81 /* PBXTargetDependency */ = {
			isa = PBXTargetDependency;
			target = A615988327872F5B00EC7C81 /* Omnitrix WatchKit App */;
			targetProxy = A615988627872F5B00EC7C81 /* PBXContainerItemProxy */;
		};
		A615989227872F5D00EC7C81 /* PBXTargetDependency */ = {
			isa = PBXTargetDependency;
			target = A615988E27872F5D00EC7C81 /* Omnitrix WatchKit Extension */;
			targetProxy = A615989127872F5D00EC7C81 /* PBXContainerItemProxy */;
		};
/* End PBXTargetDependency section */

/* Begin XCBuildConfiguration section */
		A61598A027872F5E00EC7C81 /* Debug */ = {
			isa = XCBuildConfiguration;
			buildSettings = {
				ALWAYS_SEARCH_USER_PATHS = NO;
				CLANG_ANALYZER_NONNULL = YES;
				CLANG_ANALYZER_NUMBER_OBJECT_CONVERSION = YES_AGGRESSIVE;
				CLANG_CXX_LANGUAGE_STANDARD = "gnu++17";
				CLANG_CXX_LIBRARY = "libc++";
				CLANG_ENABLE_MODULES = YES;
				CLANG_ENABLE_OBJC_ARC = YES;
				CLANG_ENABLE_OBJC_WEAK = YES;
				CLANG_WARN_BLOCK_CAPTURE_AUTORELEASING = YES;
				CLANG_WARN_BOOL_CONVERSION = YES;
				CLANG_WARN_COMMA = YES;
				CLANG_WARN_CONSTANT_CONVERSION = YES;
				CLANG_WARN_DEPRECATED_OBJC_IMPLEMENTATIONS = YES;
				CLANG_WARN_DIRECT_OBJC_ISA_USAGE = YES_ERROR;
				CLANG_WARN_DOCUMENTATION_COMMENTS = YES;
				CLANG_WARN_EMPTY_BODY = YES;
				CLANG_WARN_ENUM_CONVERSION = YES;
				CLANG_WARN_INFINITE_RECURSION = YES;
				CLANG_WARN_INT_CONVERSION = YES;
				CLANG_WARN_NON_LITERAL_NULL_CONVERSION = YES;
				CLANG_WARN_OBJC_IMPLICIT_RETAIN_SELF = YES;
				CLANG_WARN_OBJC_LITERAL_CONVERSION = YES;
				CLANG_WARN_OBJC_ROOT_CLASS = YES_ERROR;
				CLANG_WARN_QUOTED_INCLUDE_IN_FRAMEWORK_HEADER = YES;
				CLANG_WARN_RANGE_LOOP_ANALYSIS = YES;
				CLANG_WARN_STRICT_PROTOTYPES = YES;
				CLANG_WARN_SUSPICIOUS_MOVE = YES;
				CLANG_WARN_UNGUARDED_AVAILABILITY = YES_AGGRESSIVE;
				CLANG_WARN_UNREACHABLE_CODE = YES;
				CLANG_WARN__DUPLICATE_METHOD_MATCH = YES;
				COPY_PHASE_STRIP = NO;
				DEBUG_INFORMATION_FORMAT = dwarf;
				ENABLE_STRICT_OBJC_MSGSEND = YES;
				ENABLE_TESTABILITY = YES;
				GCC_C_LANGUAGE_STANDARD = gnu11;
				GCC_DYNAMIC_NO_PIC = NO;
				GCC_NO_COMMON_BLOCKS = YES;
				GCC_OPTIMIZATION_LEVEL = 0;
				GCC_PREPROCESSOR_DEFINITIONS = (
					"DEBUG=1",
					"$(inherited)",
				);
				GCC_WARN_64_TO_32_BIT_CONVERSION = YES;
				GCC_WARN_ABOUT_RETURN_TYPE = YES_ERROR;
				GCC_WARN_UNDECLARED_SELECTOR = YES;
				GCC_WARN_UNINITIALIZED_AUTOS = YES_AGGRESSIVE;
				GCC_WARN_UNUSED_FUNCTION = YES;
				GCC_WARN_UNUSED_VARIABLE = YES;
				MTL_ENABLE_DEBUG_INFO = INCLUDE_SOURCE;
				MTL_FAST_MATH = YES;
				ONLY_ACTIVE_ARCH = YES;
				SDKROOT = iphoneos;
				SWIFT_ACTIVE_COMPILATION_CONDITIONS = DEBUG;
				SWIFT_OPTIMIZATION_LEVEL = "-Onone";
			};
			name = Debug;
		};
		A61598A127872F5E00EC7C81 /* Release */ = {
			isa = XCBuildConfiguration;
			buildSettings = {
				ALWAYS_SEARCH_USER_PATHS = NO;
				CLANG_ANALYZER_NONNULL = YES;
				CLANG_ANALYZER_NUMBER_OBJECT_CONVERSION = YES_AGGRESSIVE;
				CLANG_CXX_LANGUAGE_STANDARD = "gnu++17";
				CLANG_CXX_LIBRARY = "libc++";
				CLANG_ENABLE_MODULES = YES;
				CLANG_ENABLE_OBJC_ARC = YES;
				CLANG_ENABLE_OBJC_WEAK = YES;
				CLANG_WARN_BLOCK_CAPTURE_AUTORELEASING = YES;
				CLANG_WARN_BOOL_CONVERSION = YES;
				CLANG_WARN_COMMA = YES;
				CLANG_WARN_CONSTANT_CONVERSION = YES;
				CLANG_WARN_DEPRECATED_OBJC_IMPLEMENTATIONS = YES;
				CLANG_WARN_DIRECT_OBJC_ISA_USAGE = YES_ERROR;
				CLANG_WARN_DOCUMENTATION_COMMENTS = YES;
				CLANG_WARN_EMPTY_BODY = YES;
				CLANG_WARN_ENUM_CONVERSION = YES;
				CLANG_WARN_INFINITE_RECURSION = YES;
				CLANG_WARN_INT_CONVERSION = YES;
				CLANG_WARN_NON_LITERAL_NULL_CONVERSION = YES;
				CLANG_WARN_OBJC_IMPLICIT_RETAIN_SELF = YES;
				CLANG_WARN_OBJC_LITERAL_CONVERSION = YES;
				CLANG_WARN_OBJC_ROOT_CLASS = YES_ERROR;
				CLANG_WARN_QUOTED_INCLUDE_IN_FRAMEWORK_HEADER = YES;
				CLANG_WARN_RANGE_LOOP_ANALYSIS = YES;
				CLANG_WARN_STRICT_PROTOTYPES = YES;
				CLANG_WARN_SUSPICIOUS_MOVE = YES;
				CLANG_WARN_UNGUARDED_AVAILABILITY = YES_AGGRESSIVE;
				CLANG_WARN_UNREACHABLE_CODE = YES;
				CLANG_WARN__DUPLICATE_METHOD_MATCH = YES;
				COPY_PHASE_STRIP = NO;
				DEBUG_INFORMATION_FORMAT = "dwarf-with-dsym";
				ENABLE_NS_ASSERTIONS = NO;
				ENABLE_STRICT_OBJC_MSGSEND = YES;
				GCC_C_LANGUAGE_STANDARD = gnu11;
				GCC_NO_COMMON_BLOCKS = YES;
				GCC_WARN_64_TO_32_BIT_CONVERSION = YES;
				GCC_WARN_ABOUT_RETURN_TYPE = YES_ERROR;
				GCC_WARN_UNDECLARED_SELECTOR = YES;
				GCC_WARN_UNINITIALIZED_AUTOS = YES_AGGRESSIVE;
				GCC_WARN_UNUSED_FUNCTION = YES;
				GCC_WARN_UNUSED_VARIABLE = YES;
				MTL_ENABLE_DEBUG_INFO = NO;
				MTL_FAST_MATH = YES;
				SDKROOT = iphoneos;
				SWIFT_COMPILATION_MODE = wholemodule;
				SWIFT_OPTIMIZATION_LEVEL = "-O";
				VALIDATE_PRODUCT = YES;
			};
			name = Release;
		};
		A61598A327872F5E00EC7C81 /* Debug */ = {
			isa = XCBuildConfiguration;
			buildSettings = {
				ASSETCATALOG_COMPILER_COMPLICATION_NAME = Complication;
				CODE_SIGN_STYLE = Automatic;
				CURRENT_PROJECT_VERSION = 1;
				DEVELOPMENT_ASSET_PATHS = "\"Omnitrix WatchKit Extension/Preview Content\"";
				DEVELOPMENT_TEAM = LNG8PFABR7;
				ENABLE_PREVIEWS = YES;
				GENERATE_INFOPLIST_FILE = YES;
				INFOPLIST_FILE = "Omnitrix WatchKit Extension/Info.plist";
				INFOPLIST_KEY_CFBundleDisplayName = "Omnitrix WatchKit Extension";
				INFOPLIST_KEY_CLKComplicationPrincipalClass = "$(PRODUCT_MODULE_NAME).ComplicationController";
				INFOPLIST_KEY_NSHumanReadableCopyright = "";
				INFOPLIST_KEY_WKWatchOnly = YES;
				LD_RUNPATH_SEARCH_PATHS = (
					"$(inherited)",
					"@executable_path/Frameworks",
					"@executable_path/../../Frameworks",
				);
				MARKETING_VERSION = 1.0;
				PRODUCT_BUNDLE_IDENTIFIER = com.amolkumar.Omnitrix.watchkitapp.watchkitextension;
				PRODUCT_NAME = "${TARGET_NAME}";
				SDKROOT = watchos;
				SKIP_INSTALL = YES;
				SWIFT_EMIT_LOC_STRINGS = YES;
				SWIFT_VERSION = 5.0;
				TARGETED_DEVICE_FAMILY = 4;
				WATCHOS_DEPLOYMENT_TARGET = 8.0;
			};
			name = Debug;
		};
		A61598A427872F5E00EC7C81 /* Release */ = {
			isa = XCBuildConfiguration;
			buildSettings = {
				ASSETCATALOG_COMPILER_COMPLICATION_NAME = Complication;
				CODE_SIGN_STYLE = Automatic;
				CURRENT_PROJECT_VERSION = 1;
				DEVELOPMENT_ASSET_PATHS = "\"Omnitrix WatchKit Extension/Preview Content\"";
				DEVELOPMENT_TEAM = LNG8PFABR7;
				ENABLE_PREVIEWS = YES;
				GENERATE_INFOPLIST_FILE = YES;
				INFOPLIST_FILE = "Omnitrix WatchKit Extension/Info.plist";
				INFOPLIST_KEY_CFBundleDisplayName = "Omnitrix WatchKit Extension";
				INFOPLIST_KEY_CLKComplicationPrincipalClass = "$(PRODUCT_MODULE_NAME).ComplicationController";
				INFOPLIST_KEY_NSHumanReadableCopyright = "";
				INFOPLIST_KEY_WKWatchOnly = YES;
				LD_RUNPATH_SEARCH_PATHS = (
					"$(inherited)",
					"@executable_path/Frameworks",
					"@executable_path/../../Frameworks",
				);
				MARKETING_VERSION = 1.0;
				PRODUCT_BUNDLE_IDENTIFIER = com.amolkumar.Omnitrix.watchkitapp.watchkitextension;
				PRODUCT_NAME = "${TARGET_NAME}";
				SDKROOT = watchos;
				SKIP_INSTALL = YES;
				SWIFT_EMIT_LOC_STRINGS = YES;
				SWIFT_VERSION = 5.0;
				TARGETED_DEVICE_FAMILY = 4;
				WATCHOS_DEPLOYMENT_TARGET = 8.0;
			};
			name = Release;
		};
		A61598A727872F5E00EC7C81 /* Debug */ = {
			isa = XCBuildConfiguration;
			buildSettings = {
				ALWAYS_EMBED_SWIFT_STANDARD_LIBRARIES = YES;
				ASSETCATALOG_COMPILER_APPICON_NAME = AppIcon;
				ASSETCATALOG_COMPILER_GLOBAL_ACCENT_COLOR_NAME = AccentColor;
				CODE_SIGN_STYLE = Automatic;
				CURRENT_PROJECT_VERSION = 1;
				DEVELOPMENT_TEAM = LNG8PFABR7;
				GENERATE_INFOPLIST_FILE = YES;
				IBSC_MODULE = Omnitrix_WatchKit_Extension;
				INFOPLIST_KEY_CFBundleDisplayName = "Omnitrix WatchKit App";
				INFOPLIST_KEY_UISupportedInterfaceOrientations = "UIInterfaceOrientationPortrait UIInterfaceOrientationPortraitUpsideDown";
				MARKETING_VERSION = 1.0;
				PRODUCT_BUNDLE_IDENTIFIER = com.amolkumar.Omnitrix.watchkitapp;
				PRODUCT_NAME = "$(TARGET_NAME)";
				SDKROOT = watchos;
				SKIP_INSTALL = YES;
				SWIFT_EMIT_LOC_STRINGS = YES;
				SWIFT_VERSION = 5.0;
				TARGETED_DEVICE_FAMILY = 4;
				WATCHOS_DEPLOYMENT_TARGET = 8.0;
			};
			name = Debug;
		};
		A61598A827872F5E00EC7C81 /* Release */ = {
			isa = XCBuildConfiguration;
			buildSettings = {
				ALWAYS_EMBED_SWIFT_STANDARD_LIBRARIES = YES;
				ASSETCATALOG_COMPILER_APPICON_NAME = AppIcon;
				ASSETCATALOG_COMPILER_GLOBAL_ACCENT_COLOR_NAME = AccentColor;
				CODE_SIGN_STYLE = Automatic;
				CURRENT_PROJECT_VERSION = 1;
				DEVELOPMENT_TEAM = LNG8PFABR7;
				GENERATE_INFOPLIST_FILE = YES;
				IBSC_MODULE = Omnitrix_WatchKit_Extension;
				INFOPLIST_KEY_CFBundleDisplayName = "Omnitrix WatchKit App";
				INFOPLIST_KEY_UISupportedInterfaceOrientations = "UIInterfaceOrientationPortrait UIInterfaceOrientationPortraitUpsideDown";
				MARKETING_VERSION = 1.0;
				PRODUCT_BUNDLE_IDENTIFIER = com.amolkumar.Omnitrix.watchkitapp;
				PRODUCT_NAME = "$(TARGET_NAME)";
				SDKROOT = watchos;
				SKIP_INSTALL = YES;
				SWIFT_EMIT_LOC_STRINGS = YES;
				SWIFT_VERSION = 5.0;
				TARGETED_DEVICE_FAMILY = 4;
				WATCHOS_DEPLOYMENT_TARGET = 8.0;
			};
			name = Release;
		};
		A61598AB27872F5E00EC7C81 /* Debug */ = {
			isa = XCBuildConfiguration;
			buildSettings = {
				CODE_SIGN_STYLE = Automatic;
				CURRENT_PROJECT_VERSION = 1;
				DEVELOPMENT_TEAM = LNG8PFABR7;
				MARKETING_VERSION = 1.0;
				PRODUCT_BUNDLE_IDENTIFIER = com.amolkumar.Omnitrix;
				PRODUCT_NAME = "$(TARGET_NAME)";
				SWIFT_VERSION = 5.0;
			};
			name = Debug;
		};
		A61598AC27872F5E00EC7C81 /* Release */ = {
			isa = XCBuildConfiguration;
			buildSettings = {
				CODE_SIGN_STYLE = Automatic;
				CURRENT_PROJECT_VERSION = 1;
				DEVELOPMENT_TEAM = LNG8PFABR7;
				MARKETING_VERSION = 1.0;
				PRODUCT_BUNDLE_IDENTIFIER = com.amolkumar.Omnitrix;
				PRODUCT_NAME = "$(TARGET_NAME)";
				SWIFT_VERSION = 5.0;
			};
			name = Release;
		};
/* End XCBuildConfiguration section */

/* Begin XCConfigurationList section */
		A615987D27872F5B00EC7C81 /* Build configuration list for PBXProject "Omnitrix" */ = {
			isa = XCConfigurationList;
			buildConfigurations = (
				A61598A027872F5E00EC7C81 /* Debug */,
				A61598A127872F5E00EC7C81 /* Release */,
			);
			defaultConfigurationIsVisible = 0;
			defaultConfigurationName = Release;
		};
		A61598A227872F5E00EC7C81 /* Build configuration list for PBXNativeTarget "Omnitrix WatchKit Extension" */ = {
			isa = XCConfigurationList;
			buildConfigurations = (
				A61598A327872F5E00EC7C81 /* Debug */,
				A61598A427872F5E00EC7C81 /* Release */,
			);
			defaultConfigurationIsVisible = 0;
			defaultConfigurationName = Release;
		};
		A61598A627872F5E00EC7C81 /* Build configuration list for PBXNativeTarget "Omnitrix WatchKit App" */ = {
			isa = XCConfigurationList;
			buildConfigurations = (
				A61598A727872F5E00EC7C81 /* Debug */,
				A61598A827872F5E00EC7C81 /* Release */,
			);
			defaultConfigurationIsVisible = 0;
			defaultConfigurationName = Release;
		};
		A61598AA27872F5E00EC7C81 /* Build configuration list for PBXNativeTarget "Omnitrix" */ = {
			isa = XCConfigurationList;
			buildConfigurations = (
				A61598AB27872F5E00EC7C81 /* Debug */,
				A61598AC27872F5E00EC7C81 /* Release */,
			);
			defaultConfigurationIsVisible = 0;
			defaultConfigurationName = Release;
		};
/* End XCConfigurationList section */
	};
	rootObject = A615987A27872F5B00EC7C81 /* Project object */;
}
